
Microsoft Visual Studio Solution File, Format Version 12.00
# Visual Studio Version 16
VisualStudioVersion = 16.0.32228.343
MinimumVisualStudioVersion = 10.0.40219.1
Project("{FAE04EC0-301F-11D3-BF4B-00C04F79EFBC}") = "MockTest", "MockTest\MockTest.csproj", "{DAAFA951-F6EC-469D-A138-2CAF4F3AEAF9}"
EndProject
Global
	GlobalSection(SolutionConfigurationPlatforms) = preSolution
		Debug|Any CPU = Debug|Any CPU
		Release|Any CPU = Release|Any CPU
	EndGlobalSection
	GlobalSection(ProjectConfigurationPlatforms) = postSolution
		{DAAFA951-F6EC-469D-A138-2CAF4F3AEAF9}.Debug|Any CPU.ActiveCfg = Debug|Any CPU
		{DAAFA951-F6EC-469D-A138-2CAF4F3AEAF9}.Debug|Any CPU.Build.0 = Debug|Any CPU
		{DAAFA951-F6EC-469D-A138-2CAF4F3AEAF9}.Release|Any CPU.ActiveCfg = Release|Any CPU
		{DAAFA951-F6EC-469D-A138-2CAF4F3AEAF9}.Release|Any CPU.Build.0 = Release|Any CPU
	EndGlobalSection
	GlobalSection(SolutionProperties) = preSolution
		HideSolutionNode = FALSE
	EndGlobalSection
	GlobalSection(ExtensibilityGlobals) = postSolution
		SolutionGuid = {31A79285-267B-4159-8ED6-D13B06F5845A}
	EndGlobalSection
EndGlobal
